// !$*UTF8*$!
{
	archiveVersion = 1;
	classes = {
	};
	objectVersion = 55;
	objects = {

/* Begin PBXBuildFile section */
		815FB6A4274158D200BCC84E /* AppDelegate.swift in Sources */ = {isa = PBXBuildFile; fileRef = 815FB6A3274158D200BCC84E /* AppDelegate.swift */; };
		815FB6A6274158D200BCC84E /* SceneDelegate.swift in Sources */ = {isa = PBXBuildFile; fileRef = 815FB6A5274158D200BCC84E /* SceneDelegate.swift */; };
		815FB6AB274158D200BCC84E /* Main.storyboard in Resources */ = {isa = PBXBuildFile; fileRef = 815FB6A9274158D200BCC84E /* Main.storyboard */; };
		815FB6AD274158D400BCC84E /* Assets.xcassets in Resources */ = {isa = PBXBuildFile; fileRef = 815FB6AC274158D400BCC84E /* Assets.xcassets */; };
		815FB6B0274158D400BCC84E /* LaunchScreen.storyboard in Resources */ = {isa = PBXBuildFile; fileRef = 815FB6AE274158D400BCC84E /* LaunchScreen.storyboard */; };
		815FB6BA27415CDD00BCC84E /* StatisticsCollectionViewController.swift in Sources */ = {isa = PBXBuildFile; fileRef = 815FB6B927415CDD00BCC84E /* StatisticsCollectionViewController.swift */; };
		815FB6BC27415CE900BCC84E /* SettingsTableViewController.swift in Sources */ = {isa = PBXBuildFile; fileRef = 815FB6BB27415CE900BCC84E /* SettingsTableViewController.swift */; };
		815FB6BF27415D6400BCC84E /* TodayCollectionViewController.swift in Sources */ = {isa = PBXBuildFile; fileRef = 815FB6BE27415D6400BCC84E /* TodayCollectionViewController.swift */; };
		815FB6C327415DC100BCC84E /* Mood.swift in Sources */ = {isa = PBXBuildFile; fileRef = 815FB6C227415DC100BCC84E /* Mood.swift */; };
		815FB6C527415DF100BCC84E /* Color.swift in Sources */ = {isa = PBXBuildFile; fileRef = 815FB6C427415DF100BCC84E /* Color.swift */; };
		815FB6C727415E1C00BCC84E /* Activity.swift in Sources */ = {isa = PBXBuildFile; fileRef = 815FB6C627415E1C00BCC84E /* Activity.swift */; };
		815FB6C927415E4500BCC84E /* Entry.swift in Sources */ = {isa = PBXBuildFile; fileRef = 815FB6C827415E4500BCC84E /* Entry.swift */; };
/* End PBXBuildFile section */

/* Begin PBXFileReference section */
		815FB6A0274158D200BCC84E /* MoodTracker.app */ = {isa = PBXFileReference; explicitFileType = wrapper.application; includeInIndex = 0; path = MoodTracker.app; sourceTree = BUILT_PRODUCTS_DIR; };
		815FB6A3274158D200BCC84E /* AppDelegate.swift */ = {isa = PBXFileReference; lastKnownFileType = sourcecode.swift; path = AppDelegate.swift; sourceTree = "<group>"; };
		815FB6A5274158D200BCC84E /* SceneDelegate.swift */ = {isa = PBXFileReference; lastKnownFileType = sourcecode.swift; path = SceneDelegate.swift; sourceTree = "<group>"; };
		815FB6AA274158D200BCC84E /* Base */ = {isa = PBXFileReference; lastKnownFileType = file.storyboard; name = Base; path = Base.lproj/Main.storyboard; sourceTree = "<group>"; };
		815FB6AC274158D400BCC84E /* Assets.xcassets */ = {isa = PBXFileReference; lastKnownFileType = folder.assetcatalog; path = Assets.xcassets; sourceTree = "<group>"; };
		815FB6AF274158D400BCC84E /* Base */ = {isa = PBXFileReference; lastKnownFileType = file.storyboard; name = Base; path = Base.lproj/LaunchScreen.storyboard; sourceTree = "<group>"; };
		815FB6B1274158D400BCC84E /* Info.plist */ = {isa = PBXFileReference; lastKnownFileType = text.plist.xml; path = Info.plist; sourceTree = "<group>"; };
		815FB6B927415CDD00BCC84E /* StatisticsCollectionViewController.swift */ = {isa = PBXFileReference; lastKnownFileType = sourcecode.swift; path = StatisticsCollectionViewController.swift; sourceTree = "<group>"; };
		815FB6BB27415CE900BCC84E /* SettingsTableViewController.swift */ = {isa = PBXFileReference; lastKnownFileType = sourcecode.swift; path = SettingsTableViewController.swift; sourceTree = "<group>"; };
		815FB6BE27415D6400BCC84E /* TodayCollectionViewController.swift */ = {isa = PBXFileReference; lastKnownFileType = sourcecode.swift; path = TodayCollectionViewController.swift; sourceTree = "<group>"; };
		815FB6C227415DC100BCC84E /* Mood.swift */ = {isa = PBXFileReference; lastKnownFileType = sourcecode.swift; path = Mood.swift; sourceTree = "<group>"; };
		815FB6C427415DF100BCC84E /* Color.swift */ = {isa = PBXFileReference; lastKnownFileType = sourcecode.swift; path = Color.swift; sourceTree = "<group>"; };
		815FB6C627415E1C00BCC84E /* Activity.swift */ = {isa = PBXFileReference; lastKnownFileType = sourcecode.swift; path = Activity.swift; sourceTree = "<group>"; };
		815FB6C827415E4500BCC84E /* Entry.swift */ = {isa = PBXFileReference; lastKnownFileType = sourcecode.swift; path = Entry.swift; sourceTree = "<group>"; };
/* End PBXFileReference section */

/* Begin PBXFrameworksBuildPhase section */
		815FB69D274158D200BCC84E /* Frameworks */ = {
			isa = PBXFrameworksBuildPhase;
			buildActionMask = 2147483647;
			files = (
			);
			runOnlyForDeploymentPostprocessing = 0;
		};
/* End PBXFrameworksBuildPhase section */

/* Begin PBXGroup section */
		815FB697274158D200BCC84E = {
			isa = PBXGroup;
			children = (
				815FB6A2274158D200BCC84E /* MoodTracker */,
				815FB6A1274158D200BCC84E /* Products */,
			);
			sourceTree = "<group>";
		};
		815FB6A1274158D200BCC84E /* Products */ = {
			isa = PBXGroup;
			children = (
				815FB6A0274158D200BCC84E /* MoodTracker.app */,
			);
			name = Products;
			sourceTree = "<group>";
		};
		815FB6A2274158D200BCC84E /* MoodTracker */ = {
			isa = PBXGroup;
			children = (
				815FB6A3274158D200BCC84E /* AppDelegate.swift */,
				815FB6A5274158D200BCC84E /* SceneDelegate.swift */,
				815FB6C127415DAA00BCC84E /* Models */,
				815FB6C027415D9F00BCC84E /* Views */,
				815FB6BD27415D2A00BCC84E /* Controllers */,
				815FB6A9274158D200BCC84E /* Main.storyboard */,
				815FB6AC274158D400BCC84E /* Assets.xcassets */,
				815FB6AE274158D400BCC84E /* LaunchScreen.storyboard */,
				815FB6B1274158D400BCC84E /* Info.plist */,
			);
			path = MoodTracker;
			sourceTree = "<group>";
		};
		815FB6BD27415D2A00BCC84E /* Controllers */ = {
			isa = PBXGroup;
			children = (
				815FB6BE27415D6400BCC84E /* TodayCollectionViewController.swift */,
				815FB6B927415CDD00BCC84E /* StatisticsCollectionViewController.swift */,
				815FB6BB27415CE900BCC84E /* SettingsTableViewController.swift */,
			);
			path = Controllers;
			sourceTree = "<group>";
		};
		815FB6C027415D9F00BCC84E /* Views */ = {
			isa = PBXGroup;
			children = (
			);
			path = Views;
			sourceTree = "<group>";
		};
		815FB6C127415DAA00BCC84E /* Models */ = {
			isa = PBXGroup;
			children = (
				815FB6C227415DC100BCC84E /* Mood.swift */,
				815FB6C627415E1C00BCC84E /* Activity.swift */,
				815FB6C827415E4500BCC84E /* Entry.swift */,
				815FB6C427415DF100BCC84E /* Color.swift */,
			);
			path = Models;
			sourceTree = "<group>";
		};
/* End PBXGroup section */

/* Begin PBXNativeTarget section */
		815FB69F274158D200BCC84E /* MoodTracker */ = {
			isa = PBXNativeTarget;
			buildConfigurationList = 815FB6B4274158D400BCC84E /* Build configuration list for PBXNativeTarget "MoodTracker" */;
			buildPhases = (
				815FB69C274158D200BCC84E /* Sources */,
				815FB69D274158D200BCC84E /* Frameworks */,
				815FB69E274158D200BCC84E /* Resources */,
			);
			buildRules = (
			);
			dependencies = (
			);
			name = MoodTracker;
			productName = MoodTracker;
			productReference = 815FB6A0274158D200BCC84E /* MoodTracker.app */;
			productType = "com.apple.product-type.application";
		};
/* End PBXNativeTarget section */

/* Begin PBXProject section */
		815FB698274158D200BCC84E /* Project object */ = {
			isa = PBXProject;
			attributes = {
				BuildIndependentTargetsInParallel = 1;
				LastSwiftUpdateCheck = 1310;
				LastUpgradeCheck = 1310;
				TargetAttributes = {
					815FB69F274158D200BCC84E = {
						CreatedOnToolsVersion = 13.1;
					};
				};
			};
			buildConfigurationList = 815FB69B274158D200BCC84E /* Build configuration list for PBXProject "MoodTracker" */;
			compatibilityVersion = "Xcode 13.0";
			developmentRegion = en;
			hasScannedForEncodings = 0;
			knownRegions = (
				en,
				Base,
			);
			mainGroup = 815FB697274158D200BCC84E;
			productRefGroup = 815FB6A1274158D200BCC84E /* Products */;
			projectDirPath = "";
			projectRoot = "";
			targets = (
				815FB69F274158D200BCC84E /* MoodTracker */,
			);
		};
/* End PBXProject section */

/* Begin PBXResourcesBuildPhase section */
		815FB69E274158D200BCC84E /* Resources */ = {
			isa = PBXResourcesBuildPhase;
			buildActionMask = 2147483647;
			files = (
				815FB6B0274158D400BCC84E /* LaunchScreen.storyboard in Resources */,
				815FB6AD274158D400BCC84E /* Assets.xcassets in Resources */,
				815FB6AB274158D200BCC84E /* Main.storyboard in Resources */,
			);
			runOnlyForDeploymentPostprocessing = 0;
		};
/* End PBXResourcesBuildPhase section */

/* Begin PBXSourcesBuildPhase section */
		815FB69C274158D200BCC84E /* Sources */ = {
			isa = PBXSourcesBuildPhase;
			buildActionMask = 2147483647;
			files = (
				815FB6BF27415D6400BCC84E /* TodayCollectionViewController.swift in Sources */,
				815FB6A4274158D200BCC84E /* AppDelegate.swift in Sources */,
				815FB6C527415DF100BCC84E /* Color.swift in Sources */,
				815FB6BC27415CE900BCC84E /* SettingsTableViewController.swift in Sources */,
				815FB6BA27415CDD00BCC84E /* StatisticsCollectionViewController.swift in Sources */,
				815FB6C327415DC100BCC84E /* Mood.swift in Sources */,
				815FB6C927415E4500BCC84E /* Entry.swift in Sources */,
				815FB6C727415E1C00BCC84E /* Activity.swift in Sources */,
				815FB6A6274158D200BCC84E /* SceneDelegate.swift in Sources */,
			);
			runOnlyForDeploymentPostprocessing = 0;
		};
/* End PBXSourcesBuildPhase section */

/* Begin PBXVariantGroup section */
		815FB6A9274158D200BCC84E /* Main.storyboard */ = {
			isa = PBXVariantGroup;
			children = (
				815FB6AA274158D200BCC84E /* Base */,
			);
			name = Main.storyboard;
			sourceTree = "<group>";
		};
		815FB6AE274158D400BCC84E /* LaunchScreen.storyboard */ = {
			isa = PBXVariantGroup;
			children = (
				815FB6AF274158D400BCC84E /* Base */,
			);
			name = LaunchScreen.storyboard;
			sourceTree = "<group>";
		};
/* End PBXVariantGroup section */

/* Begin XCBuildConfiguration section */
		815FB6B2274158D400BCC84E /* Debug */ = {
			isa = XCBuildConfiguration;
			buildSettings = {
				ALWAYS_SEARCH_USER_PATHS = NO;
				CLANG_ANALYZER_NONNULL = YES;
				CLANG_ANALYZER_NUMBER_OBJECT_CONVERSION = YES_AGGRESSIVE;
				CLANG_CXX_LANGUAGE_STANDARD = "gnu++17";
				CLANG_CXX_LIBRARY = "libc++";
				CLANG_ENABLE_MODULES = YES;
				CLANG_ENABLE_OBJC_ARC = YES;
				CLANG_ENABLE_OBJC_WEAK = YES;
				CLANG_WARN_BLOCK_CAPTURE_AUTORELEASING = YES;
				CLANG_WARN_BOOL_CONVERSION = YES;
				CLANG_WARN_COMMA = YES;
				CLANG_WARN_CONSTANT_CONVERSION = YES;
				CLANG_WARN_DEPRECATED_OBJC_IMPLEMENTATIONS = YES;
				CLANG_WARN_DIRECT_OBJC_ISA_USAGE = YES_ERROR;
				CLANG_WARN_DOCUMENTATION_COMMENTS = YES;
				CLANG_WARN_EMPTY_BODY = YES;
				CLANG_WARN_ENUM_CONVERSION = YES;
				CLANG_WARN_INFINITE_RECURSION = YES;
				CLANG_WARN_INT_CONVERSION = YES;
				CLANG_WARN_NON_LITERAL_NULL_CONVERSION = YES;
				CLANG_WARN_OBJC_IMPLICIT_RETAIN_SELF = YES;
				CLANG_WARN_OBJC_LITERAL_CONVERSION = YES;
				CLANG_WARN_OBJC_ROOT_CLASS = YES_ERROR;
				CLANG_WARN_QUOTED_INCLUDE_IN_FRAMEWORK_HEADER = YES;
				CLANG_WARN_RANGE_LOOP_ANALYSIS = YES;
				CLANG_WARN_STRICT_PROTOTYPES = YES;
				CLANG_WARN_SUSPICIOUS_MOVE = YES;
				CLANG_WARN_UNGUARDED_AVAILABILITY = YES_AGGRESSIVE;
				CLANG_WARN_UNREACHABLE_CODE = YES;
				CLANG_WARN__DUPLICATE_METHOD_MATCH = YES;
				COPY_PHASE_STRIP = NO;
				DEBUG_INFORMATION_FORMAT = dwarf;
				ENABLE_STRICT_OBJC_MSGSEND = YES;
				ENABLE_TESTABILITY = YES;
				GCC_C_LANGUAGE_STANDARD = gnu11;
				GCC_DYNAMIC_NO_PIC = NO;
				GCC_NO_COMMON_BLOCKS = YES;
				GCC_OPTIMIZATION_LEVEL = 0;
				GCC_PREPROCESSOR_DEFINITIONS = (
					"DEBUG=1",
					"$(inherited)",
				);
				GCC_WARN_64_TO_32_BIT_CONVERSION = YES;
				GCC_WARN_ABOUT_RETURN_TYPE = YES_ERROR;
				GCC_WARN_UNDECLARED_SELECTOR = YES;
				GCC_WARN_UNINITIALIZED_AUTOS = YES_AGGRESSIVE;
				GCC_WARN_UNUSED_FUNCTION = YES;
				GCC_WARN_UNUSED_VARIABLE = YES;
				IPHONEOS_DEPLOYMENT_TARGET = 15.0;
				MTL_ENABLE_DEBUG_INFO = INCLUDE_SOURCE;
				MTL_FAST_MATH = YES;
				ONLY_ACTIVE_ARCH = YES;
				SDKROOT = iphoneos;
				SWIFT_ACTIVE_COMPILATION_CONDITIONS = DEBUG;
				SWIFT_OPTIMIZATION_LEVEL = "-Onone";
			};
			name = Debug;
		};
		815FB6B3274158D400BCC84E /* Release */ = {
			isa = XCBuildConfiguration;
			buildSettings = {
				ALWAYS_SEARCH_USER_PATHS = NO;
				CLANG_ANALYZER_NONNULL = YES;
				CLANG_ANALYZER_NUMBER_OBJECT_CONVERSION = YES_AGGRESSIVE;
				CLANG_CXX_LANGUAGE_STANDARD = "gnu++17";
				CLANG_CXX_LIBRARY = "libc++";
				CLANG_ENABLE_MODULES = YES;
				CLANG_ENABLE_OBJC_ARC = YES;
				CLANG_ENABLE_OBJC_WEAK = YES;
				CLANG_WARN_BLOCK_CAPTURE_AUTORELEASING = YES;
				CLANG_WARN_BOOL_CONVERSION = YES;
				CLANG_WARN_COMMA = YES;
				CLANG_WARN_CONSTANT_CONVERSION = YES;
				CLANG_WARN_DEPRECATED_OBJC_IMPLEMENTATIONS = YES;
				CLANG_WARN_DIRECT_OBJC_ISA_USAGE = YES_ERROR;
				CLANG_WARN_DOCUMENTATION_COMMENTS = YES;
				CLANG_WARN_EMPTY_BODY = YES;
				CLANG_WARN_ENUM_CONVERSION = YES;
				CLANG_WARN_INFINITE_RECURSION = YES;
				CLANG_WARN_INT_CONVERSION = YES;
				CLANG_WARN_NON_LITERAL_NULL_CONVERSION = YES;
				CLANG_WARN_OBJC_IMPLICIT_RETAIN_SELF = YES;
				CLANG_WARN_OBJC_LITERAL_CONVERSION = YES;
				CLANG_WARN_OBJC_ROOT_CLASS = YES_ERROR;
				CLANG_WARN_QUOTED_INCLUDE_IN_FRAMEWORK_HEADER = YES;
				CLANG_WARN_RANGE_LOOP_ANALYSIS = YES;
				CLANG_WARN_STRICT_PROTOTYPES = YES;
				CLANG_WARN_SUSPICIOUS_MOVE = YES;
				CLANG_WARN_UNGUARDED_AVAILABILITY = YES_AGGRESSIVE;
				CLANG_WARN_UNREACHABLE_CODE = YES;
				CLANG_WARN__DUPLICATE_METHOD_MATCH = YES;
				COPY_PHASE_STRIP = NO;
				DEBUG_INFORMATION_FORMAT = "dwarf-with-dsym";
				ENABLE_NS_ASSERTIONS = NO;
				ENABLE_STRICT_OBJC_MSGSEND = YES;
				GCC_C_LANGUAGE_STANDARD = gnu11;
				GCC_NO_COMMON_BLOCKS = YES;
				GCC_WARN_64_TO_32_BIT_CONVERSION = YES;
				GCC_WARN_ABOUT_RETURN_TYPE = YES_ERROR;
				GCC_WARN_UNDECLARED_SELECTOR = YES;
				GCC_WARN_UNINITIALIZED_AUTOS = YES_AGGRESSIVE;
				GCC_WARN_UNUSED_FUNCTION = YES;
				GCC_WARN_UNUSED_VARIABLE = YES;
				IPHONEOS_DEPLOYMENT_TARGET = 15.0;
				MTL_ENABLE_DEBUG_INFO = NO;
				MTL_FAST_MATH = YES;
				SDKROOT = iphoneos;
				SWIFT_COMPILATION_MODE = wholemodule;
				SWIFT_OPTIMIZATION_LEVEL = "-O";
				VALIDATE_PRODUCT = YES;
			};
			name = Release;
		};
		815FB6B5274158D400BCC84E /* Debug */ = {
			isa = XCBuildConfiguration;
			buildSettings = {
				ASSETCATALOG_COMPILER_APPICON_NAME = AppIcon;
				ASSETCATALOG_COMPILER_GLOBAL_ACCENT_COLOR_NAME = AccentColor;
				CODE_SIGN_STYLE = Automatic;
				CURRENT_PROJECT_VERSION = 1;
				DEVELOPMENT_TEAM = 2Z58X67VS2;
				GENERATE_INFOPLIST_FILE = YES;
				INFOPLIST_FILE = MoodTracker/Info.plist;
				INFOPLIST_KEY_UIApplicationSupportsIndirectInputEvents = YES;
				INFOPLIST_KEY_UILaunchStoryboardName = LaunchScreen;
				INFOPLIST_KEY_UIMainStoryboardFile = Main;
				INFOPLIST_KEY_UISupportedInterfaceOrientations_iPad = "UIInterfaceOrientationPortrait UIInterfaceOrientationPortraitUpsideDown UIInterfaceOrientationLandscapeLeft UIInterfaceOrientationLandscapeRight";
				INFOPLIST_KEY_UISupportedInterfaceOrientations_iPhone = "UIInterfaceOrientationPortrait UIInterfaceOrientationLandscapeLeft UIInterfaceOrientationLandscapeRight";
				LD_RUNPATH_SEARCH_PATHS = (
					"$(inherited)",
					"@executable_path/Frameworks",
				);
				MARKETING_VERSION = 1.0;
				PRODUCT_BUNDLE_IDENTIFIER = trofimpetyanov.MoodTracker;
				PRODUCT_NAME = "$(TARGET_NAME)";
				SWIFT_EMIT_LOC_STRINGS = YES;
				SWIFT_VERSION = 5.0;
				TARGETED_DEVICE_FAMILY = "1,2";
			};
			name = Debug;
		};
		815FB6B6274158D400BCC84E /* Release */ = {
			isa = XCBuildConfiguration;
			buildSettings = {
				ASSETCATALOG_COMPILER_APPICON_NAME = AppIcon;
				ASSETCATALOG_COMPILER_GLOBAL_ACCENT_COLOR_NAME = AccentColor;
				CODE_SIGN_STYLE = Automatic;
				CURRENT_PROJECT_VERSION = 1;
				DEVELOPMENT_TEAM = 2Z58X67VS2;
				GENERATE_INFOPLIST_FILE = YES;
				INFOPLIST_FILE = MoodTracker/Info.plist;
				INFOPLIST_KEY_UIApplicationSupportsIndirectInputEvents = YES;
				INFOPLIST_KEY_UILaunchStoryboardName = LaunchScreen;
				INFOPLIST_KEY_UIMainStoryboardFile = Main;
				INFOPLIST_KEY_UISupportedInterfaceOrientations_iPad = "UIInterfaceOrientationPortrait UIInterfaceOrientationPortraitUpsideDown UIInterfaceOrientationLandscapeLeft UIInterfaceOrientationLandscapeRight";
				INFOPLIST_KEY_UISupportedInterfaceOrientations_iPhone = "UIInterfaceOrientationPortrait UIInterfaceOrientationLandscapeLeft UIInterfaceOrientationLandscapeRight";
				LD_RUNPATH_SEARCH_PATHS = (
					"$(inherited)",
					"@executable_path/Frameworks",
				);
				MARKETING_VERSION = 1.0;
				PRODUCT_BUNDLE_IDENTIFIER = trofimpetyanov.MoodTracker;
				PRODUCT_NAME = "$(TARGET_NAME)";
				SWIFT_EMIT_LOC_STRINGS = YES;
				SWIFT_VERSION = 5.0;
				TARGETED_DEVICE_FAMILY = "1,2";
			};
			name = Release;
		};
/* End XCBuildConfiguration section */

/* Begin XCConfigurationList section */
		815FB69B274158D200BCC84E /* Build configuration list for PBXProject "MoodTracker" */ = {
			isa = XCConfigurationList;
			buildConfigurations = (
				815FB6B2274158D400BCC84E /* Debug */,
				815FB6B3274158D400BCC84E /* Release */,
			);
			defaultConfigurationIsVisible = 0;
			defaultConfigurationName = Release;
		};
		815FB6B4274158D400BCC84E /* Build configuration list for PBXNativeTarget "MoodTracker" */ = {
			isa = XCConfigurationList;
			buildConfigurations = (
				815FB6B5274158D400BCC84E /* Debug */,
				815FB6B6274158D400BCC84E /* Release */,
			);
			defaultConfigurationIsVisible = 0;
			defaultConfigurationName = Release;
		};
/* End XCConfigurationList section */
	};
	rootObject = 815FB698274158D200BCC84E /* Project object */;
}
